
Microsoft Visual Studio Solution File, Format Version 12.00
# Visual Studio 15
VisualStudioVersion = 15.0.27004.2002
MinimumVisualStudioVersion = 10.0.40219.1
Project("{FAE04EC0-301F-11D3-BF4B-00C04F79EFBC}") = "RemoteRunner", "RemoteRunner\RemoteRunner.csproj", "{9CDFF29E-B115-472F-BE53-53412A597803}"
EndProject
Project("{FAE04EC0-301F-11D3-BF4B-00C04F79EFBC}") = "RemoteRunner.Services", "RemoteRunner.Services\RemoteRunner.Services.csproj", "{FFC72935-281E-46D9-A60D-44784FA8218F}"
EndProject
Global
	GlobalSection(SolutionConfigurationPlatforms) = preSolution
		Debug|Any CPU = Debug|Any CPU
		Release|Any CPU = Release|Any CPU
	EndGlobalSection
	GlobalSection(ProjectConfigurationPlatforms) = postSolution
		{9CDFF29E-B115-472F-BE53-53412A597803}.Debug|Any CPU.ActiveCfg = Debug|Any CPU
		{9CDFF29E-B115-472F-BE53-53412A597803}.Debug|Any CPU.Build.0 = Debug|Any CPU
		{9CDFF29E-B115-472F-BE53-53412A597803}.Release|Any CPU.ActiveCfg = Release|Any CPU
		{9CDFF29E-B115-472F-BE53-53412A597803}.Release|Any CPU.Build.0 = Release|Any CPU
		{FFC72935-281E-46D9-A60D-44784FA8218F}.Debug|Any CPU.ActiveCfg = Debug|Any CPU
		{FFC72935-281E-46D9-A60D-44784FA8218F}.Debug|Any CPU.Build.0 = Debug|Any CPU
		{FFC72935-281E-46D9-A60D-44784FA8218F}.Release|Any CPU.ActiveCfg = Release|Any CPU
		{FFC72935-281E-46D9-A60D-44784FA8218F}.Release|Any CPU.Build.0 = Release|Any CPU
	EndGlobalSection
	GlobalSection(SolutionProperties) = preSolution
		HideSolutionNode = FALSE
	EndGlobalSection
	GlobalSection(ExtensibilityGlobals) = postSolution
		SolutionGuid = {F02D75B5-B1C6-42D1-A973-728075FBFC70}
	EndGlobalSection
EndGlobal
